
Microsoft Visual Studio Solution File, Format Version 12.00
# Visual Studio 15
VisualStudioVersion = 15.0.28010.2016
MinimumVisualStudioVersion = 10.0.40219.1
Project("{FAE04EC0-301F-11D3-BF4B-00C04F79EFBC}") = "AppTest", "AppTest\AppTest.csproj", "{B40EAD57-5C8F-4F41-94D8-1A6CE2154D01}"
EndProject
Project("{FAE04EC0-301F-11D3-BF4B-00C04F79EFBC}") = "IntegracaoMeusPedidos", "IntegracaoMeusPedidos\IntegracaoMeusPedidos.csproj", "{22C42ADC-5574-41C8-820C-6531A2F8DEF1}"
EndProject
Global
	GlobalSection(SolutionConfigurationPlatforms) = preSolution
		Debug|Any CPU = Debug|Any CPU
		Release|Any CPU = Release|Any CPU
	EndGlobalSection
	GlobalSection(ProjectConfigurationPlatforms) = postSolution
		{B40EAD57-5C8F-4F41-94D8-1A6CE2154D01}.Debug|Any CPU.ActiveCfg = Debug|Any CPU
		{B40EAD57-5C8F-4F41-94D8-1A6CE2154D01}.Debug|Any CPU.Build.0 = Debug|Any CPU
		{B40EAD57-5C8F-4F41-94D8-1A6CE2154D01}.Release|Any CPU.ActiveCfg = Release|Any CPU
		{B40EAD57-5C8F-4F41-94D8-1A6CE2154D01}.Release|Any CPU.Build.0 = Release|Any CPU
		{22C42ADC-5574-41C8-820C-6531A2F8DEF1}.Debug|Any CPU.ActiveCfg = Debug|Any CPU
		{22C42ADC-5574-41C8-820C-6531A2F8DEF1}.Debug|Any CPU.Build.0 = Debug|Any CPU
		{22C42ADC-5574-41C8-820C-6531A2F8DEF1}.Release|Any CPU.ActiveCfg = Release|Any CPU
		{22C42ADC-5574-41C8-820C-6531A2F8DEF1}.Release|Any CPU.Build.0 = Release|Any CPU
	EndGlobalSection
	GlobalSection(SolutionProperties) = preSolution
		HideSolutionNode = FALSE
	EndGlobalSection
	GlobalSection(ExtensibilityGlobals) = postSolution
		SolutionGuid = {F6DF2226-D029-4CE5-9CC9-129A4EBF18B7}
	EndGlobalSection
EndGlobal
